// !$*UTF8*$!
{
	archiveVersion = 1;
	classes = {
	};
	objectVersion = 46;
	objects = {

/* Begin PBXBuildFile section */
		00700DC03716909B5AE77EBA /* Pods_wittier.framework in Frameworks */ = {isa = PBXBuildFile; fileRef = 16FD79EA1BA2607872DD5B03 /* Pods_wittier.framework */; };
		7741622F1F7A242A005DA649 /* AppDelegate.swift in Sources */ = {isa = PBXBuildFile; fileRef = 7741622E1F7A242A005DA649 /* AppDelegate.swift */; };
		774162341F7A242A005DA649 /* Main.storyboard in Resources */ = {isa = PBXBuildFile; fileRef = 774162321F7A242A005DA649 /* Main.storyboard */; };
		774162361F7A242A005DA649 /* Assets.xcassets in Resources */ = {isa = PBXBuildFile; fileRef = 774162351F7A242A005DA649 /* Assets.xcassets */; };
		774162391F7A242A005DA649 /* LaunchScreen.storyboard in Resources */ = {isa = PBXBuildFile; fileRef = 774162371F7A242A005DA649 /* LaunchScreen.storyboard */; };
		774B77AA1F7B0508001314BD /* LoginViewController.swift in Sources */ = {isa = PBXBuildFile; fileRef = 774B77A91F7B0508001314BD /* LoginViewController.swift */; };
		774B77AC1F7B06CC001314BD /* Tweet.swift in Sources */ = {isa = PBXBuildFile; fileRef = 774B77AB1F7B06CC001314BD /* Tweet.swift */; };
		774B77AE1F7B0DDE001314BD /* TimelineViewController.swift in Sources */ = {isa = PBXBuildFile; fileRef = 774B77AD1F7B0DDE001314BD /* TimelineViewController.swift */; };
		774B77B41F7B11AB001314BD /* TwitterClient.swift in Sources */ = {isa = PBXBuildFile; fileRef = 774B77B31F7B11AB001314BD /* TwitterClient.swift */; };
		775C61E41F7B02EA00679D56 /* User.swift in Sources */ = {isa = PBXBuildFile; fileRef = 775C61E31F7B02EA00679D56 /* User.swift */; };
/* End PBXBuildFile section */

/* Begin PBXFileReference section */
		16FD79EA1BA2607872DD5B03 /* Pods_wittier.framework */ = {isa = PBXFileReference; explicitFileType = wrapper.framework; includeInIndex = 0; path = Pods_wittier.framework; sourceTree = BUILT_PRODUCTS_DIR; };
		7741622B1F7A242A005DA649 /* wittier.app */ = {isa = PBXFileReference; explicitFileType = wrapper.application; includeInIndex = 0; path = wittier.app; sourceTree = BUILT_PRODUCTS_DIR; };
		7741622E1F7A242A005DA649 /* AppDelegate.swift */ = {isa = PBXFileReference; lastKnownFileType = sourcecode.swift; path = AppDelegate.swift; sourceTree = "<group>"; };
		774162331F7A242A005DA649 /* Base */ = {isa = PBXFileReference; lastKnownFileType = file.storyboard; name = Base; path = Base.lproj/Main.storyboard; sourceTree = "<group>"; };
		774162351F7A242A005DA649 /* Assets.xcassets */ = {isa = PBXFileReference; lastKnownFileType = folder.assetcatalog; path = Assets.xcassets; sourceTree = "<group>"; };
		774162381F7A242A005DA649 /* Base */ = {isa = PBXFileReference; lastKnownFileType = file.storyboard; name = Base; path = Base.lproj/LaunchScreen.storyboard; sourceTree = "<group>"; };
		7741623A1F7A242A005DA649 /* Info.plist */ = {isa = PBXFileReference; lastKnownFileType = text.plist.xml; path = Info.plist; sourceTree = "<group>"; };
		774B77A91F7B0508001314BD /* LoginViewController.swift */ = {isa = PBXFileReference; fileEncoding = 4; lastKnownFileType = sourcecode.swift; path = LoginViewController.swift; sourceTree = "<group>"; };
		774B77AB1F7B06CC001314BD /* Tweet.swift */ = {isa = PBXFileReference; lastKnownFileType = sourcecode.swift; path = Tweet.swift; sourceTree = "<group>"; };
		774B77AD1F7B0DDE001314BD /* TimelineViewController.swift */ = {isa = PBXFileReference; lastKnownFileType = sourcecode.swift; path = TimelineViewController.swift; sourceTree = "<group>"; };
		774B77B31F7B11AB001314BD /* TwitterClient.swift */ = {isa = PBXFileReference; lastKnownFileType = sourcecode.swift; path = TwitterClient.swift; sourceTree = "<group>"; };
		775C61E31F7B02EA00679D56 /* User.swift */ = {isa = PBXFileReference; lastKnownFileType = sourcecode.swift; path = User.swift; sourceTree = "<group>"; };
		7A6C4867E49A2236E7EA10BE /* Pods-wittier.release.xcconfig */ = {isa = PBXFileReference; includeInIndex = 1; lastKnownFileType = text.xcconfig; name = "Pods-wittier.release.xcconfig"; path = "Pods/Target Support Files/Pods-wittier/Pods-wittier.release.xcconfig"; sourceTree = "<group>"; };
		AE3E3F4D43A332218306ACF0 /* Pods-wittier.debug.xcconfig */ = {isa = PBXFileReference; includeInIndex = 1; lastKnownFileType = text.xcconfig; name = "Pods-wittier.debug.xcconfig"; path = "Pods/Target Support Files/Pods-wittier/Pods-wittier.debug.xcconfig"; sourceTree = "<group>"; };
/* End PBXFileReference section */

/* Begin PBXFrameworksBuildPhase section */
		774162281F7A242A005DA649 /* Frameworks */ = {
			isa = PBXFrameworksBuildPhase;
			buildActionMask = 2147483647;
			files = (
				00700DC03716909B5AE77EBA /* Pods_wittier.framework in Frameworks */,
			);
			runOnlyForDeploymentPostprocessing = 0;
		};
/* End PBXFrameworksBuildPhase section */

/* Begin PBXGroup section */
		0DADAD2AC0B9D3DE12BC1014 /* Frameworks */ = {
			isa = PBXGroup;
			children = (
				16FD79EA1BA2607872DD5B03 /* Pods_wittier.framework */,
			);
			name = Frameworks;
			sourceTree = "<group>";
		};
		2DCBB43F8A99E8A99E8BEC31 /* Pods */ = {
			isa = PBXGroup;
			children = (
				AE3E3F4D43A332218306ACF0 /* Pods-wittier.debug.xcconfig */,
				7A6C4867E49A2236E7EA10BE /* Pods-wittier.release.xcconfig */,
			);
			name = Pods;
			sourceTree = "<group>";
		};
		774162221F7A2429005DA649 = {
			isa = PBXGroup;
			children = (
				7741622D1F7A242A005DA649 /* wittier */,
				7741622C1F7A242A005DA649 /* Products */,
				2DCBB43F8A99E8A99E8BEC31 /* Pods */,
				0DADAD2AC0B9D3DE12BC1014 /* Frameworks */,
			);
			sourceTree = "<group>";
		};
		7741622C1F7A242A005DA649 /* Products */ = {
			isa = PBXGroup;
			children = (
				7741622B1F7A242A005DA649 /* wittier.app */,
			);
			name = Products;
			sourceTree = "<group>";
		};
		7741622D1F7A242A005DA649 /* wittier */ = {
			isa = PBXGroup;
			children = (
				774B77B01F7B113E001314BD /* API */,
				77BEBF021F7B033C0056E9A7 /* ViewControllers */,
				775C61E21F7B02C700679D56 /* Views */,
				775C61E01F7B029000679D56 /* Models */,
				7741622E1F7A242A005DA649 /* AppDelegate.swift */,
				774162321F7A242A005DA649 /* Main.storyboard */,
				774162351F7A242A005DA649 /* Assets.xcassets */,
				774162371F7A242A005DA649 /* LaunchScreen.storyboard */,
				7741623A1F7A242A005DA649 /* Info.plist */,
			);
			path = wittier;
			sourceTree = "<group>";
		};
		774B77B01F7B113E001314BD /* API */ = {
			isa = PBXGroup;
			children = (
				774B77B31F7B11AB001314BD /* TwitterClient.swift */,
			);
			path = API;
			sourceTree = "<group>";
		};
		775C61E01F7B029000679D56 /* Models */ = {
			isa = PBXGroup;
			children = (
				775C61E31F7B02EA00679D56 /* User.swift */,
				774B77AB1F7B06CC001314BD /* Tweet.swift */,
			);
			path = Models;
			sourceTree = "<group>";
		};
		775C61E21F7B02C700679D56 /* Views */ = {
			isa = PBXGroup;
			children = (
			);
			path = Views;
			sourceTree = "<group>";
		};
		77BEBF021F7B033C0056E9A7 /* ViewControllers */ = {
			isa = PBXGroup;
			children = (
				774B77A91F7B0508001314BD /* LoginViewController.swift */,
				774B77AD1F7B0DDE001314BD /* TimelineViewController.swift */,
			);
			path = ViewControllers;
			sourceTree = "<group>";
		};
/* End PBXGroup section */

/* Begin PBXNativeTarget section */
		7741622A1F7A242A005DA649 /* wittier */ = {
			isa = PBXNativeTarget;
			buildConfigurationList = 7741623D1F7A242A005DA649 /* Build configuration list for PBXNativeTarget "wittier" */;
			buildPhases = (
				24F4DE8E7E30838ADCDA52A2 /* [CP] Check Pods Manifest.lock */,
				774162271F7A242A005DA649 /* Sources */,
				774162281F7A242A005DA649 /* Frameworks */,
				774162291F7A242A005DA649 /* Resources */,
				C1F13F3E4C3DDF12FA2F9288 /* [CP] Embed Pods Frameworks */,
				6F54D4875F31743CAFD2F90C /* [CP] Copy Pods Resources */,
			);
			buildRules = (
			);
			dependencies = (
			);
			name = wittier;
			productName = wittier;
			productReference = 7741622B1F7A242A005DA649 /* wittier.app */;
			productType = "com.apple.product-type.application";
		};
/* End PBXNativeTarget section */

/* Begin PBXProject section */
		774162231F7A2429005DA649 /* Project object */ = {
			isa = PBXProject;
			attributes = {
				LastSwiftUpdateCheck = 0830;
				LastUpgradeCheck = 0830;
				ORGANIZATIONNAME = "Angela Yu";
				TargetAttributes = {
					7741622A1F7A242A005DA649 = {
						CreatedOnToolsVersion = 8.3.3;
						DevelopmentTeam = PUQ8TNP3W4;
						LastSwiftMigration = 0900;
						ProvisioningStyle = Automatic;
					};
				};
			};
			buildConfigurationList = 774162261F7A2429005DA649 /* Build configuration list for PBXProject "wittier" */;
			compatibilityVersion = "Xcode 3.2";
			developmentRegion = English;
			hasScannedForEncodings = 0;
			knownRegions = (
				en,
				Base,
			);
			mainGroup = 774162221F7A2429005DA649;
			productRefGroup = 7741622C1F7A242A005DA649 /* Products */;
			projectDirPath = "";
			projectRoot = "";
			targets = (
				7741622A1F7A242A005DA649 /* wittier */,
			);
		};
/* End PBXProject section */

/* Begin PBXResourcesBuildPhase section */
		774162291F7A242A005DA649 /* Resources */ = {
			isa = PBXResourcesBuildPhase;
			buildActionMask = 2147483647;
			files = (
				774162391F7A242A005DA649 /* LaunchScreen.storyboard in Resources */,
				774162361F7A242A005DA649 /* Assets.xcassets in Resources */,
				774162341F7A242A005DA649 /* Main.storyboard in Resources */,
			);
			runOnlyForDeploymentPostprocessing = 0;
		};
/* End PBXResourcesBuildPhase section */

/* Begin PBXShellScriptBuildPhase section */
		24F4DE8E7E30838ADCDA52A2 /* [CP] Check Pods Manifest.lock */ = {
			isa = PBXShellScriptBuildPhase;
			buildActionMask = 2147483647;
			files = (
			);
			inputPaths = (
				"${PODS_PODFILE_DIR_PATH}/Podfile.lock",
				"${PODS_ROOT}/Manifest.lock",
			);
			name = "[CP] Check Pods Manifest.lock";
			outputPaths = (
				"$(DERIVED_FILE_DIR)/Pods-wittier-checkManifestLockResult.txt",
			);
			runOnlyForDeploymentPostprocessing = 0;
			shellPath = /bin/sh;
			shellScript = "diff \"${PODS_PODFILE_DIR_PATH}/Podfile.lock\" \"${PODS_ROOT}/Manifest.lock\" > /dev/null\nif [ $? != 0 ] ; then\n    # print error to STDERR\n    echo \"error: The sandbox is not in sync with the Podfile.lock. Run 'pod install' or update your CocoaPods installation.\" >&2\n    exit 1\nfi\n# This output is used by Xcode 'outputs' to avoid re-running this script phase.\necho \"SUCCESS\" > \"${SCRIPT_OUTPUT_FILE_0}\"\n";
			showEnvVarsInLog = 0;
		};
		6F54D4875F31743CAFD2F90C /* [CP] Copy Pods Resources */ = {
			isa = PBXShellScriptBuildPhase;
			buildActionMask = 2147483647;
			files = (
			);
			inputPaths = (
			);
			name = "[CP] Copy Pods Resources";
			outputPaths = (
			);
			runOnlyForDeploymentPostprocessing = 0;
			shellPath = /bin/sh;
			shellScript = "\"${SRCROOT}/Pods/Target Support Files/Pods-wittier/Pods-wittier-resources.sh\"\n";
			showEnvVarsInLog = 0;
		};
		C1F13F3E4C3DDF12FA2F9288 /* [CP] Embed Pods Frameworks */ = {
			isa = PBXShellScriptBuildPhase;
			buildActionMask = 2147483647;
			files = (
			);
			inputPaths = (
				"${SRCROOT}/Pods/Target Support Files/Pods-wittier/Pods-wittier-frameworks.sh",
				"${BUILT_PRODUCTS_DIR}/AFNetworking/AFNetworking.framework",
				"${BUILT_PRODUCTS_DIR}/BDBOAuth1Manager/BDBOAuth1Manager.framework",
			);
			name = "[CP] Embed Pods Frameworks";
			outputPaths = (
				"${TARGET_BUILD_DIR}/${FRAMEWORKS_FOLDER_PATH}/AFNetworking.framework",
				"${TARGET_BUILD_DIR}/${FRAMEWORKS_FOLDER_PATH}/BDBOAuth1Manager.framework",
			);
			runOnlyForDeploymentPostprocessing = 0;
			shellPath = /bin/sh;
			shellScript = "\"${SRCROOT}/Pods/Target Support Files/Pods-wittier/Pods-wittier-frameworks.sh\"\n";
			showEnvVarsInLog = 0;
		};
/* End PBXShellScriptBuildPhase section */

/* Begin PBXSourcesBuildPhase section */
		774162271F7A242A005DA649 /* Sources */ = {
			isa = PBXSourcesBuildPhase;
			buildActionMask = 2147483647;
			files = (
				774B77AA1F7B0508001314BD /* LoginViewController.swift in Sources */,
				7741622F1F7A242A005DA649 /* AppDelegate.swift in Sources */,
				775C61E41F7B02EA00679D56 /* User.swift in Sources */,
				774B77AC1F7B06CC001314BD /* Tweet.swift in Sources */,
				774B77B41F7B11AB001314BD /* TwitterClient.swift in Sources */,
				774B77AE1F7B0DDE001314BD /* TimelineViewController.swift in Sources */,
			);
			runOnlyForDeploymentPostprocessing = 0;
		};
/* End PBXSourcesBuildPhase section */

/* Begin PBXVariantGroup section */
		774162321F7A242A005DA649 /* Main.storyboard */ = {
			isa = PBXVariantGroup;
			children = (
				774162331F7A242A005DA649 /* Base */,
			);
			name = Main.storyboard;
			sourceTree = "<group>";
		};
		774162371F7A242A005DA649 /* LaunchScreen.storyboard */ = {
			isa = PBXVariantGroup;
			children = (
				774162381F7A242A005DA649 /* Base */,
			);
			name = LaunchScreen.storyboard;
			sourceTree = "<group>";
		};
/* End PBXVariantGroup section */

/* Begin XCBuildConfiguration section */
		7741623B1F7A242A005DA649 /* Debug */ = {
			isa = XCBuildConfiguration;
			buildSettings = {
				ALWAYS_SEARCH_USER_PATHS = NO;
				CLANG_ANALYZER_NONNULL = YES;
				CLANG_ANALYZER_NUMBER_OBJECT_CONVERSION = YES_AGGRESSIVE;
				CLANG_CXX_LANGUAGE_STANDARD = "gnu++0x";
				CLANG_CXX_LIBRARY = "libc++";
				CLANG_ENABLE_MODULES = YES;
				CLANG_ENABLE_OBJC_ARC = YES;
				CLANG_WARN_BOOL_CONVERSION = YES;
				CLANG_WARN_CONSTANT_CONVERSION = YES;
				CLANG_WARN_DIRECT_OBJC_ISA_USAGE = YES_ERROR;
				CLANG_WARN_DOCUMENTATION_COMMENTS = YES;
				CLANG_WARN_EMPTY_BODY = YES;
				CLANG_WARN_ENUM_CONVERSION = YES;
				CLANG_WARN_INFINITE_RECURSION = YES;
				CLANG_WARN_INT_CONVERSION = YES;
				CLANG_WARN_OBJC_ROOT_CLASS = YES_ERROR;
				CLANG_WARN_SUSPICIOUS_MOVE = YES;
				CLANG_WARN_UNREACHABLE_CODE = YES;
				CLANG_WARN__DUPLICATE_METHOD_MATCH = YES;
				"CODE_SIGN_IDENTITY[sdk=iphoneos*]" = "iPhone Developer";
				COPY_PHASE_STRIP = NO;
				DEBUG_INFORMATION_FORMAT = dwarf;
				ENABLE_STRICT_OBJC_MSGSEND = YES;
				ENABLE_TESTABILITY = YES;
				GCC_C_LANGUAGE_STANDARD = gnu99;
				GCC_DYNAMIC_NO_PIC = NO;
				GCC_NO_COMMON_BLOCKS = YES;
				GCC_OPTIMIZATION_LEVEL = 0;
				GCC_PREPROCESSOR_DEFINITIONS = (
					"DEBUG=1",
					"$(inherited)",
				);
				GCC_WARN_64_TO_32_BIT_CONVERSION = YES;
				GCC_WARN_ABOUT_RETURN_TYPE = YES_ERROR;
				GCC_WARN_UNDECLARED_SELECTOR = YES;
				GCC_WARN_UNINITIALIZED_AUTOS = YES_AGGRESSIVE;
				GCC_WARN_UNUSED_FUNCTION = YES;
				GCC_WARN_UNUSED_VARIABLE = YES;
				IPHONEOS_DEPLOYMENT_TARGET = 10.3;
				MTL_ENABLE_DEBUG_INFO = YES;
				ONLY_ACTIVE_ARCH = YES;
				SDKROOT = iphoneos;
				SWIFT_ACTIVE_COMPILATION_CONDITIONS = DEBUG;
				SWIFT_OPTIMIZATION_LEVEL = "-Onone";
			};
			name = Debug;
		};
		7741623C1F7A242A005DA649 /* Release */ = {
			isa = XCBuildConfiguration;
			buildSettings = {
				ALWAYS_SEARCH_USER_PATHS = NO;
				CLANG_ANALYZER_NONNULL = YES;
				CLANG_ANALYZER_NUMBER_OBJECT_CONVERSION = YES_AGGRESSIVE;
				CLANG_CXX_LANGUAGE_STANDARD = "gnu++0x";
				CLANG_CXX_LIBRARY = "libc++";
				CLANG_ENABLE_MODULES = YES;
				CLANG_ENABLE_OBJC_ARC = YES;
				CLANG_WARN_BOOL_CONVERSION = YES;
				CLANG_WARN_CONSTANT_CONVERSION = YES;
				CLANG_WARN_DIRECT_OBJC_ISA_USAGE = YES_ERROR;
				CLANG_WARN_DOCUMENTATION_COMMENTS = YES;
				CLANG_WARN_EMPTY_BODY = YES;
				CLANG_WARN_ENUM_CONVERSION = YES;
				CLANG_WARN_INFINITE_RECURSION = YES;
				CLANG_WARN_INT_CONVERSION = YES;
				CLANG_WARN_OBJC_ROOT_CLASS = YES_ERROR;
				CLANG_WARN_SUSPICIOUS_MOVE = YES;
				CLANG_WARN_UNREACHABLE_CODE = YES;
				CLANG_WARN__DUPLICATE_METHOD_MATCH = YES;
				"CODE_SIGN_IDENTITY[sdk=iphoneos*]" = "iPhone Developer";
				COPY_PHASE_STRIP = NO;
				DEBUG_INFORMATION_FORMAT = "dwarf-with-dsym";
				ENABLE_NS_ASSERTIONS = NO;
				ENABLE_STRICT_OBJC_MSGSEND = YES;
				GCC_C_LANGUAGE_STANDARD = gnu99;
				GCC_NO_COMMON_BLOCKS = YES;
				GCC_WARN_64_TO_32_BIT_CONVERSION = YES;
				GCC_WARN_ABOUT_RETURN_TYPE = YES_ERROR;
				GCC_WARN_UNDECLARED_SELECTOR = YES;
				GCC_WARN_UNINITIALIZED_AUTOS = YES_AGGRESSIVE;
				GCC_WARN_UNUSED_FUNCTION = YES;
				GCC_WARN_UNUSED_VARIABLE = YES;
				IPHONEOS_DEPLOYMENT_TARGET = 10.3;
				MTL_ENABLE_DEBUG_INFO = NO;
				SDKROOT = iphoneos;
				SWIFT_OPTIMIZATION_LEVEL = "-Owholemodule";
				VALIDATE_PRODUCT = YES;
			};
			name = Release;
		};
		7741623E1F7A242A005DA649 /* Debug */ = {
			isa = XCBuildConfiguration;
			baseConfigurationReference = AE3E3F4D43A332218306ACF0 /* Pods-wittier.debug.xcconfig */;
			buildSettings = {
				ASSETCATALOG_COMPILER_APPICON_NAME = AppIcon;
				DEVELOPMENT_TEAM = PUQ8TNP3W4;
				INFOPLIST_FILE = wittier/Info.plist;
				LD_RUNPATH_SEARCH_PATHS = "$(inherited) @executable_path/Frameworks";
				PRODUCT_BUNDLE_IDENTIFIER = com.wangela.wittier;
				PRODUCT_NAME = "$(TARGET_NAME)";
				SWIFT_VERSION = 3.0;
			};
			name = Debug;
		};
		7741623F1F7A242A005DA649 /* Release */ = {
			isa = XCBuildConfiguration;
			baseConfigurationReference = 7A6C4867E49A2236E7EA10BE /* Pods-wittier.release.xcconfig */;
			buildSettings = {
				ASSETCATALOG_COMPILER_APPICON_NAME = AppIcon;
				DEVELOPMENT_TEAM = PUQ8TNP3W4;
				INFOPLIST_FILE = wittier/Info.plist;
				LD_RUNPATH_SEARCH_PATHS = "$(inherited) @executable_path/Frameworks";
				PRODUCT_BUNDLE_IDENTIFIER = com.wangela.wittier;
				PRODUCT_NAME = "$(TARGET_NAME)";
				SWIFT_VERSION = 3.0;
			};
			name = Release;
		};
/* End XCBuildConfiguration section */

/* Begin XCConfigurationList section */
		774162261F7A2429005DA649 /* Build configuration list for PBXProject "wittier" */ = {
			isa = XCConfigurationList;
			buildConfigurations = (
				7741623B1F7A242A005DA649 /* Debug */,
				7741623C1F7A242A005DA649 /* Release */,
			);
			defaultConfigurationIsVisible = 0;
			defaultConfigurationName = Release;
		};
		7741623D1F7A242A005DA649 /* Build configuration list for PBXNativeTarget "wittier" */ = {
			isa = XCConfigurationList;
			buildConfigurations = (
				7741623E1F7A242A005DA649 /* Debug */,
				7741623F1F7A242A005DA649 /* Release */,
			);
			defaultConfigurationIsVisible = 0;
			defaultConfigurationName = Release;
		};
/* End XCConfigurationList section */
	};
	rootObject = 774162231F7A2429005DA649 /* Project object */;
}
